{
  "name": "bilibili-video-analysis",
  "version": "0.0.1",
  "lockfileVersion": 1,
  "requires": true,
  "dependencies": {
    "@sindresorhus/is": {
      "version": "4.0.0",
      "resolved": "https://registry.npm.taobao.org/@sindresorhus/is/download/@sindresorhus/is-4.0.0.tgz",
      "integrity": "sha1-L/Z06WEbRbUoiW2CDT16gS3i8OQ="
    },
    "@szmarczak/http-timer": {
      "version": "4.0.5",
      "resolved": "https://registry.npm.taobao.org/@szmarczak/http-timer/download/@szmarczak/http-timer-4.0.5.tgz",
      "integrity": "sha1-v71QIR6d+lG6B9pYoUzf0zMgUVI=",
      "requires": {
        "defer-to-connect": "^2.0.0"
      }
    },
    "@types/cacheable-request": {
      "version": "6.0.1",
      "resolved": "https://registry.npm.taobao.org/@types/cacheable-request/download/@types/cacheable-request-6.0.1.tgz",
      "integrity": "sha1-XSLz3e0f06hMC761A5p0GcLJGXY=",
      "requires": {
        "@types/http-cache-semantics": "*",
        "@types/keyv": "*",
        "@types/node": "*",
        "@types/responselike": "*"
      }
    },
    "@types/http-cache-semantics": {
      "version": "4.0.0",
      "resolved": "https://registry.npm.taobao.org/@types/http-cache-semantics/download/@types/http-cache-semantics-4.0.0.tgz?cache=0&sync_timestamp=1605054629328&other_urls=https%3A%2F%2Fregistry.npm.taobao.org%2F%40types%2Fhttp-cache-semantics%2Fdownload%2F%40types%2Fhttp-cache-semantics-4.0.0.tgz",
      "integrity": "sha1-kUB3lzaqJlVjXudW4kZ9eHz+iio="
    },
    "@types/keyv": {
      "version": "3.1.1",
      "resolved": "https://registry.npm.taobao.org/@types/keyv/download/@types/keyv-3.1.1.tgz?cache=0&sync_timestamp=1605054630189&other_urls=https%3A%2F%2Fregistry.npm.taobao.org%2F%40types%2Fkeyv%2Fdownload%2F%40types%2Fkeyv-3.1.1.tgz",
      "integrity": "sha1-5FpFMk/KnatxarEjDuJJyftSz6c=",
      "requires": {
        "@types/node": "*"
      }
    },
    "@types/node": {
      "version": "14.14.25",
      "resolved": "https://registry.npm.taobao.org/@types/node/download/@types/node-14.14.25.tgz",
      "integrity": "sha1-FZZ6e1d/+BOD+biIqmcF1D+7rpM="
    },
    "@types/responselike": {
      "version": "1.0.0",
      "resolved": "https://registry.npm.taobao.org/@types/responselike/download/@types/responselike-1.0.0.tgz?cache=0&sync_timestamp=1605057617468&other_urls=https%3A%2F%2Fregistry.npm.taobao.org%2F%40types%2Fresponselike%2Fdownload%2F%40types%2Fresponselike-1.0.0.tgz",
      "integrity": "sha1-JR9P59FU0rrRJavhtCmyOv0mLik=",
      "requires": {
        "@types/node": "*"
      }
    },
    "boolbase": {
      "version": "1.0.0",
      "resolved": "https://registry.npm.taobao.org/boolbase/download/boolbase-1.0.0.tgz",
      "integrity": "sha1-aN/1++YMUes3cl6p4+0xDcwed24="
    },
    "cacheable-lookup": {
      "version": "5.0.4",
      "resolved": "https://registry.npm.taobao.org/cacheable-lookup/download/cacheable-lookup-5.0.4.tgz",
      "integrity": "sha1-WmuGWyxENXvj1evCpGewMnGacAU="
    },
    "cacheable-request": {
      "version": "7.0.1",
      "resolved": "https://registry.npm.taobao.org/cacheable-request/download/cacheable-request-7.0.1.tgz",
      "integrity": "sha1-BiAxwoViMngu1pSiV/o12pOUKlg=",
      "requires": {
        "clone-response": "^1.0.2",
        "get-stream": "^5.1.0",
        "http-cache-semantics": "^4.0.0",
        "keyv": "^4.0.0",
        "lowercase-keys": "^2.0.0",
        "normalize-url": "^4.1.0",
        "responselike": "^2.0.0"
      }
    },
    "cheerio": {
      "version": "1.0.0-rc.5",
      "resolved": "https://registry.npm.taobao.org/cheerio/download/cheerio-1.0.0-rc.5.tgz",
      "integrity": "sha1-iJB+GChnTo+f7jdRiLJ9rdTw+i8=",
      "requires": {
        "cheerio-select-tmp": "^0.1.0",
        "dom-serializer": "~1.2.0",
        "domhandler": "^4.0.0",
        "entities": "~2.1.0",
        "htmlparser2": "^6.0.0",
        "parse5": "^6.0.0",
        "parse5-htmlparser2-tree-adapter": "^6.0.0"
      }
    },
    "cheerio-select-tmp": {
      "version": "0.1.1",
      "resolved": "https://registry.npm.taobao.org/cheerio-select-tmp/download/cheerio-select-tmp-0.1.1.tgz",
      "integrity": "sha1-VbvvAqR3FxAZWtc21eNGdjyk5kY=",
      "requires": {
        "css-select": "^3.1.2",
        "css-what": "^4.0.0",
        "domelementtype": "^2.1.0",
        "domhandler": "^4.0.0",
        "domutils": "^2.4.4"
      }
    },
    "clone-response": {
      "version": "1.0.2",
      "resolved": "https://registry.npm.taobao.org/clone-response/download/clone-response-1.0.2.tgz",
      "integrity": "sha1-0dyXOSAxTfZ/vrlCI7TuNQI56Ws=",
      "requires": {
        "mimic-response": "^1.0.0"
      }
    },
    "commander": {
      "version": "7.0.0",
      "resolved": "https://registry.npm.taobao.org/commander/download/commander-7.0.0.tgz?cache=0&sync_timestamp=1610702151695&other_urls=https%3A%2F%2Fregistry.npm.taobao.org%2Fcommander%2Fdownload%2Fcommander-7.0.0.tgz",
      "integrity": "sha1-Piu/2LtnJHYJgJiPtbIrfua3GrI="
    },
    "css-select": {
      "version": "3.1.2",
      "resolved": "https://registry.npm.taobao.org/css-select/download/css-select-3.1.2.tgz?cache=0&sync_timestamp=1608486075930&other_urls=https%3A%2F%2Fregistry.npm.taobao.org%2Fcss-select%2Fdownload%2Fcss-select-3.1.2.tgz",
      "integrity": "sha1-1Sy9xv7jefupf7DTklq70Yry2dg=",
      "requires": {
        "boolbase": "^1.0.0",
        "css-what": "^4.0.0",
        "domhandler": "^4.0.0",
        "domutils": "^2.4.3",
        "nth-check": "^2.0.0"
      }
    },
    "css-what": {
      "version": "4.0.0",
      "resolved": "https://registry.npm.taobao.org/css-what/download/css-what-4.0.0.tgz?cache=0&sync_timestamp=1602571001952&other_urls=https%3A%2F%2Fregistry.npm.taobao.org%2Fcss-what%2Fdownload%2Fcss-what-4.0.0.tgz",
      "integrity": "sha1-Nec3Ycqy7rPTZhEmsj16oOhDIjM="
    },
    "decompress-response": {
      "version": "6.0.0",
      "resolved": "https://registry.npm.taobao.org/decompress-response/download/decompress-response-6.0.0.tgz?cache=0&sync_timestamp=1589512178920&other_urls=https%3A%2F%2Fregistry.npm.taobao.org%2Fdecompress-response%2Fdownload%2Fdecompress-response-6.0.0.tgz",
      "integrity": "sha1-yjh2Et234QS9FthaqwDV7PCcZvw=",
      "requires": {
        "mimic-response": "^3.1.0"
      },
      "dependencies": {
        "mimic-response": {
          "version": "3.1.0",
          "resolved": "https://registry.npm.taobao.org/mimic-response/download/mimic-response-3.1.0.tgz",
          "integrity": "sha1-LR1Zr5wbEpgVrMwsRqAipc4fo8k="
        }
      }
    },
    "defer-to-connect": {
      "version": "2.0.0",
      "resolved": "https://registry.npm.taobao.org/defer-to-connect/download/defer-to-connect-2.0.0.tgz?cache=0&sync_timestamp=1580234470231&other_urls=https%3A%2F%2Fregistry.npm.taobao.org%2Fdefer-to-connect%2Fdownload%2Fdefer-to-connect-2.0.0.tgz",
      "integrity": "sha1-g9axmdsEFZOshNeBtSIjCMz0wsE="
    },
    "dom-serializer": {
      "version": "1.2.0",
      "resolved": "https://registry.npm.taobao.org/dom-serializer/download/dom-serializer-1.2.0.tgz?cache=0&sync_timestamp=1607192967990&other_urls=https%3A%2F%2Fregistry.npm.taobao.org%2Fdom-serializer%2Fdownload%2Fdom-serializer-1.2.0.tgz",
      "integrity": "sha1-NDPZE2rrPGJ5gdqjhfx/MtJ8SPE=",
      "requires": {
        "domelementtype": "^2.0.1",
        "domhandler": "^4.0.0",
        "entities": "^2.0.0"
      }
    },
    "domelementtype": {
      "version": "2.1.0",
      "resolved": "https://registry.npm.taobao.org/domelementtype/download/domelementtype-2.1.0.tgz?cache=0&sync_timestamp=1606866070324&other_urls=https%3A%2F%2Fregistry.npm.taobao.org%2Fdomelementtype%2Fdownload%2Fdomelementtype-2.1.0.tgz",
      "integrity": "sha1-qFHAgKbRw9lDRK7RUdmfZp7fWF4="
    },
    "domhandler": {
      "version": "4.0.0",
      "resolved": "https://registry.npm.taobao.org/domhandler/download/domhandler-4.0.0.tgz?cache=0&sync_timestamp=1606872211430&other_urls=https%3A%2F%2Fregistry.npm.taobao.org%2Fdomhandler%2Fdownload%2Fdomhandler-4.0.0.tgz",
      "integrity": "sha1-Aep4Id6ZbYX2kCnoH6hzwhgzCY4=",
      "requires": {
        "domelementtype": "^2.1.0"
      }
    },
    "domutils": {
      "version": "2.4.4",
      "resolved": "https://registry.npm.taobao.org/domutils/download/domutils-2.4.4.tgz?cache=0&sync_timestamp=1607393087316&other_urls=https%3A%2F%2Fregistry.npm.taobao.org%2Fdomutils%2Fdownload%2Fdomutils-2.4.4.tgz",
      "integrity": "sha1-KCc5xLFQ0CLTRpl5c2mq2NGbu9M=",
      "requires": {
        "dom-serializer": "^1.0.1",
        "domelementtype": "^2.0.1",
        "domhandler": "^4.0.0"
      }
    },
    "end-of-stream": {
      "version": "1.4.4",
      "resolved": "https://registry.npm.taobao.org/end-of-stream/download/end-of-stream-1.4.4.tgz",
      "integrity": "sha1-WuZKX0UFe682JuwU2gyl5LJDHrA=",
      "requires": {
        "once": "^1.4.0"
      }
    },
    "entities": {
      "version": "2.1.0",
      "resolved": "https://registry.npm.taobao.org/entities/download/entities-2.1.0.tgz",
      "integrity": "sha1-mS0xKc999ocLlsV4WMJJoSD4uLU="
    },
    "get-stream": {
      "version": "5.2.0",
      "resolved": "https://registry.npm.taobao.org/get-stream/download/get-stream-5.2.0.tgz?cache=0&sync_timestamp=1597056502934&other_urls=https%3A%2F%2Fregistry.npm.taobao.org%2Fget-stream%2Fdownload%2Fget-stream-5.2.0.tgz",
      "integrity": "sha1-SWaheV7lrOZecGxLe+txJX1uItM=",
      "requires": {
        "pump": "^3.0.0"
      }
    },
    "got": {
      "version": "11.8.1",
      "resolved": "https://registry.npm.taobao.org/got/download/got-11.8.1.tgz?cache=0&sync_timestamp=1607656090858&other_urls=https%3A%2F%2Fregistry.npm.taobao.org%2Fgot%2Fdownload%2Fgot-11.8.1.tgz",
      "integrity": "sha1-3wSt+vLngrq7Paq8eROf7sL36F0=",
      "requires": {
        "@sindresorhus/is": "^4.0.0",
        "@szmarczak/http-timer": "^4.0.5",
        "@types/cacheable-request": "^6.0.1",
        "@types/responselike": "^1.0.0",
        "cacheable-lookup": "^5.0.3",
        "cacheable-request": "^7.0.1",
        "decompress-response": "^6.0.0",
        "http2-wrapper": "^1.0.0-beta.5.2",
        "lowercase-keys": "^2.0.0",
        "p-cancelable": "^2.0.0",
        "responselike": "^2.0.0"
      }
    },
    "htmlparser2": {
      "version": "6.0.0",
      "resolved": "https://registry.npm.taobao.org/htmlparser2/download/htmlparser2-6.0.0.tgz?cache=0&sync_timestamp=1607394335377&other_urls=https%3A%2F%2Fregistry.npm.taobao.org%2Fhtmlparser2%2Fdownload%2Fhtmlparser2-6.0.0.tgz",
      "integrity": "sha1-wtoAUDA5CQjKTJHlYp5BjgZlrAE=",
      "requires": {
        "domelementtype": "^2.0.1",
        "domhandler": "^4.0.0",
        "domutils": "^2.4.4",
        "entities": "^2.0.0"
      }
    },
    "http-cache-semantics": {
      "version": "4.1.0",
      "resolved": "https://registry.npm.taobao.org/http-cache-semantics/download/http-cache-semantics-4.1.0.tgz",
      "integrity": "sha1-SekcXL82yblLz81xwj1SSex045A="
    },
    "http2-wrapper": {
      "version": "1.0.0-beta.5.2",
      "resolved": "https://registry.npm.taobao.org/http2-wrapper/download/http2-wrapper-1.0.0-beta.5.2.tgz?cache=0&sync_timestamp=1599054382976&other_urls=https%3A%2F%2Fregistry.npm.taobao.org%2Fhttp2-wrapper%2Fdownload%2Fhttp2-wrapper-1.0.0-beta.5.2.tgz",
      "integrity": "sha1-i5I965AUSuplz4NLAWo0D8mFVvM=",
      "requires": {
        "quick-lru": "^5.1.1",
        "resolve-alpn": "^1.0.0"
      }
    },
    "json-buffer": {
      "version": "3.0.1",
      "resolved": "https://registry.npm.taobao.org/json-buffer/download/json-buffer-3.0.1.tgz",
      "integrity": "sha1-kziAKjDTtmBfvgYT4JQAjKjAWhM="
    },
    "keyv": {
      "version": "4.0.3",
      "resolved": "https://registry.npm.taobao.org/keyv/download/keyv-4.0.3.tgz?cache=0&sync_timestamp=1600337463601&other_urls=https%3A%2F%2Fregistry.npm.taobao.org%2Fkeyv%2Fdownload%2Fkeyv-4.0.3.tgz",
      "integrity": "sha1-TzqpjeJUgDyvzSiWc0EI2qNeQlQ=",
      "requires": {
        "json-buffer": "3.0.1"
      }
    },
    "lowercase-keys": {
      "version": "2.0.0",
      "resolved": "https://registry.npm.taobao.org/lowercase-keys/download/lowercase-keys-2.0.0.tgz",
      "integrity": "sha1-JgPni3tLAAbLyi+8yKMgJVislHk="
    },
    "mimic-response": {
      "version": "1.0.1",
      "resolved": "https://registry.npm.taobao.org/mimic-response/download/mimic-response-1.0.1.tgz",
      "integrity": "sha1-SSNTiHju9CBjy4o+OweYeBSHqxs="
    },
    "normalize-url": {
      "version": "4.5.0",
      "resolved": "https://registry.npm.taobao.org/normalize-url/download/normalize-url-4.5.0.tgz?cache=0&sync_timestamp=1602432435724&other_urls=https%3A%2F%2Fregistry.npm.taobao.org%2Fnormalize-url%2Fdownload%2Fnormalize-url-4.5.0.tgz",
      "integrity": "sha1-RTNUCH5sqWlXvY9br3U/WYIUISk="
    },
    "nth-check": {
      "version": "2.0.0",
      "resolved": "https://registry.npm.taobao.org/nth-check/download/nth-check-2.0.0.tgz?cache=0&sync_timestamp=1606860731740&other_urls=https%3A%2F%2Fregistry.npm.taobao.org%2Fnth-check%2Fdownload%2Fnth-check-2.0.0.tgz",
      "integrity": "sha1-G7T22scAcvwxPoyc0UF7UHTAoSU=",
      "requires": {
        "boolbase": "^1.0.0"
      }
    },
    "once": {
      "version": "1.4.0",
      "resolved": "https://registry.npm.taobao.org/once/download/once-1.4.0.tgz",
      "integrity": "sha1-WDsap3WWHUsROsF9nFC6753Xa9E=",
      "requires": {
        "wrappy": "1"
      }
    },
    "p-cancelable": {
      "version": "2.0.0",
      "resolved": "https://registry.npm.taobao.org/p-cancelable/download/p-cancelable-2.0.0.tgz",
      "integrity": "sha1-SjdA9b2vXtXXw+NIgsb7XWsmam4="
    },
    "parse5": {
      "version": "6.0.1",
      "resolved": "https://registry.npm.taobao.org/parse5/download/parse5-6.0.1.tgz?cache=0&sync_timestamp=1595850861876&other_urls=https%3A%2F%2Fregistry.npm.taobao.org%2Fparse5%2Fdownload%2Fparse5-6.0.1.tgz",
      "integrity": "sha1-4aHAhcVps9wIMhGE8Zo5zCf3wws="
    },
    "parse5-htmlparser2-tree-adapter": {
      "version": "6.0.1",
      "resolved": "https://registry.npm.taobao.org/parse5-htmlparser2-tree-adapter/download/parse5-htmlparser2-tree-adapter-6.0.1.tgz?cache=0&sync_timestamp=1596089818598&other_urls=https%3A%2F%2Fregistry.npm.taobao.org%2Fparse5-htmlparser2-tree-adapter%2Fdownload%2Fparse5-htmlparser2-tree-adapter-6.0.1.tgz",
      "integrity": "sha1-LN+a2CMyEUA3DU2/XT6Sx8jdxuY=",
      "requires": {
        "parse5": "^6.0.1"
      }
    },
    "pump": {
      "version": "3.0.0",
      "resolved": "https://registry.npm.taobao.org/pump/download/pump-3.0.0.tgz",
      "integrity": "sha1-tKIRaBW94vTh6mAjVOjHVWUQemQ=",
      "requires": {
        "end-of-stream": "^1.1.0",
        "once": "^1.3.1"
      }
    },
    "quick-lru": {
      "version": "5.1.1",
      "resolved": "https://registry.npm.taobao.org/quick-lru/download/quick-lru-5.1.1.tgz?cache=0&sync_timestamp=1610610364837&other_urls=https%3A%2F%2Fregistry.npm.taobao.org%2Fquick-lru%2Fdownload%2Fquick-lru-5.1.1.tgz",
      "integrity": "sha1-NmST5rPkKjpoheLpnRj4D7eoyTI="
    },
    "resolve-alpn": {
      "version": "1.0.0",
      "resolved": "https://registry.npm.taobao.org/resolve-alpn/download/resolve-alpn-1.0.0.tgz",
      "integrity": "sha1-dFrWCz1q/0tKSOAbjAvccJWeDow="
    },
    "responselike": {
      "version": "2.0.0",
      "resolved": "https://registry.npm.taobao.org/responselike/download/responselike-2.0.0.tgz",
      "integrity": "sha1-JjkbzDF091D5p56sxAoSpcQtdyM=",
      "requires": {
        "lowercase-keys": "^2.0.0"
      }
    },
    "wrappy": {
      "version": "1.0.2",
      "resolved": "https://registry.npm.taobao.org/wrappy/download/wrappy-1.0.2.tgz",
      "integrity": "sha1-tSQ9jz7BqjXxNkYFvA0QNuMKtp8="
    }
  }
}
